<?xml version="1.0" encoding="utf-8"?>
<Project ToolsVersion="4.0" xmlns="http://schemas.microsoft.com/developer/msbuild/2003">
  <ItemGroup>
    <Filter Include="Source Files">
      <UniqueIdentifier>{4FC737F1-C7A5-4376-A066-2A32D752A2FF}</UniqueIdentifier>
      <Extensions>cpp;c;cc;cxx;def;odl;idl;hpj;bat;asm;asmx</Extensions>
    </Filter>
    <Filter Include="Header Files">
      <UniqueIdentifier>{93995380-89BD-4b04-88EB-625FBE52EBFB}</UniqueIdentifier>
      <Extensions>h;hpp;hxx;hm;inl;inc;xsd</Extensions>
    </Filter>
    <Filter Include="Resource Files">
      <UniqueIdentifier>{67DA6AB6-F800-4c08-8B7A-83BB121AAD01}</UniqueIdentifier>
      <Extensions>rc;ico;cur;bmp;dlg;rc2;rct;bin;rgs;gif;jpg;jpeg;jpe;resx;tiff;tif;png;wav;mfcribbon-ms</Extensions>
    </Filter>
    <Filter Include="Net">
      <UniqueIdentifier>{76173040-a5da-4c11-99e7-6e54137716aa}</UniqueIdentifier>
    </Filter>
    <Filter Include="Net\common">
      <UniqueIdentifier>{b98e27fd-d95e-4bd5-89d4-e032e7d28fc8}</UniqueIdentifier>
    </Filter>
    <Filter Include="Net\impl">
      <UniqueIdentifier>{d865c932-6e73-42ad-a135-0e29246a7f45}</UniqueIdentifier>
    </Filter>
    <Filter Include="Net\impl\win">
      <UniqueIdentifier>{039d118b-620e-45cb-9e60-0f323ce40dff}</UniqueIdentifier>
    </Filter>
    <Filter Include="Net\impl\win\iocp">
      <UniqueIdentifier>{ba658ace-7587-4576-9f29-f35047311320}</UniqueIdentifier>
    </Filter>
  </ItemGroup>
  <ItemGroup>
    <None Include="ReadMe.txt" />
  </ItemGroup>
  <ItemGroup>
    <ClInclude Include="stdafx.h">
      <Filter>Header Files</Filter>
    </ClInclude>
    <ClInclude Include="targetver.h">
      <Filter>Header Files</Filter>
    </ClInclude>
    <ClInclude Include="..\Net\common\Define.h">
      <Filter>Net\common</Filter>
    </ClInclude>
    <ClInclude Include="..\Net\common\Mutex.h">
      <Filter>Net\common</Filter>
    </ClInclude>
    <ClInclude Include="..\Net\common\Singleton.h">
      <Filter>Net\common</Filter>
    </ClInclude>
    <ClInclude Include="..\Net\common\UnusedID.h">
      <Filter>Net\common</Filter>
    </ClInclude>
    <ClInclude Include="..\Net\impl\win\iocp\Client.h">
      <Filter>Net\impl\win\iocp</Filter>
    </ClInclude>
    <ClInclude Include="..\Net\impl\win\iocp\Overlapped.h">
      <Filter>Net\impl\win\iocp</Filter>
    </ClInclude>
    <ClInclude Include="..\Net\impl\win\iocp\Server.h">
      <Filter>Net\impl\win\iocp</Filter>
    </ClInclude>
    <ClInclude Include="..\Net\Agent.h">
      <Filter>Net</Filter>
    </ClInclude>
    <ClInclude Include="..\Net\Interface.h">
      <Filter>Net</Filter>
    </ClInclude>
  </ItemGroup>
  <ItemGroup>
    <ClCompile Include="stdafx.cpp">
      <Filter>Source Files</Filter>
    </ClCompile>
    <ClCompile Include="LtmNet.cpp">
      <Filter>Source Files</Filter>
    </ClCompile>
    <ClCompile Include="..\Net\common\UnusedID.cpp">
      <Filter>Net\common</Filter>
    </ClCompile>
    <ClCompile Include="..\Net\impl\win\iocp\Client.cpp">
      <Filter>Net\impl\win\iocp</Filter>
    </ClCompile>
    <ClCompile Include="..\Net\impl\win\iocp\Server.cpp">
      <Filter>Net\impl\win\iocp</Filter>
    </ClCompile>
    <ClCompile Include="..\Net\Agent.cpp">
      <Filter>Net</Filter>
    </ClCompile>
  </ItemGroup>
</Project>